{
  "nodes": {
    "flake-compat": {
      "flake": false,
      "locked": {
        "lastModified": 1696426674,
        "narHash": "sha256-kvjfFW7WAETZlt09AgDn1MrtKzP7t90Vf7vypd3OL1U=",
        "owner": "edolstra",
        "repo": "flake-compat",
        "rev": "0f9255e01c2351cc7d116c072cb317785dd33b33",
        "type": "github"
      },
      "original": {
        "owner": "edolstra",
        "repo": "flake-compat",
        "type": "github"
      }
    },
    "flake-utils": {
      "inputs": {
        "systems": "systems"
      },
      "locked": {
        "lastModified": 1705309234,
        "narHash": "sha256-uNRRNRKmJyCRC/8y1RqBkqWBLM034y4qN7EprSdmgyA=",
        "owner": "numtide",
        "repo": "flake-utils",
        "rev": "1ef2e671c3b0c19053962c07dbda38332dcebf26",
        "type": "github"
      },
      "original": {
        "owner": "numtide",
        "repo": "flake-utils",
        "type": "github"
      }
    },
    "home-manager": {
      "inputs": {
        "nixpkgs": [
          "nixpkgs"
        ]
      },
      "locked": {
        "lastModified": 1706981411,
        "narHash": "sha256-cLbLPTL1CDmETVh4p0nQtvoF+FSEjsnJTFpTxhXywhQ=",
        "owner": "nix-community",
        "repo": "home-manager",
        "rev": "652fda4ca6dafeb090943422c34ae9145787af37",
        "type": "github"
      },
      "original": {
        "owner": "nix-community",
        "ref": "release-23.11",
        "repo": "home-manager",
        "type": "github"
      }
    },
    "hyprwm-contrib": {
      "inputs": {
        "nixpkgs": [
          "nixpkgs"
        ]
      },
      "locked": {
        "lastModified": 1706198673,
        "narHash": "sha256-bHlxFd+3QHy6eXtTzzhwVNcyxBSOxTvBuJGNUzI4C4M=",
        "owner": "hyprwm",
        "repo": "contrib",
        "rev": "16884001b26e6955ff4b88b4dfe4c8986e20f153",
        "type": "github"
      },
      "original": {
        "owner": "hyprwm",
        "repo": "contrib",
        "type": "github"
      }
    },
    "nix-index-database": {
      "inputs": {
        "nixpkgs": [
          "nixpkgs"
        ]
      },
      "locked": {
        "lastModified": 1707620986,
        "narHash": "sha256-XE0tCSkSVBeJDWhjFwusNInwAhrnp+TloUNUpvnTiLw=",
        "owner": "nix-community",
        "repo": "nix-index-database",
        "rev": "0cb4345704123492e6d1f1068629069413c80de0",
        "type": "github"
      },
      "original": {
        "owner": "nix-community",
        "repo": "nix-index-database",
        "type": "github"
      }
    },
    "nix-wsl": {
      "inputs": {
        "flake-compat": "flake-compat",
        "flake-utils": "flake-utils",
        "nixpkgs": [
          "nixpkgs"
        ]
      },
      "locked": {
        "lastModified": 1707761607,
        "narHash": "sha256-OKNdTgnyhZpmqdgba8s78/QvowyTIMJDp0iLxv570bU=",
        "owner": "nix-community",
        "repo": "NixOS-WSL",
        "rev": "c8ddba82ca6b791be1acaae4b336ff8e857ec70b",
        "type": "github"
      },
      "original": {
        "owner": "nix-community",
        "repo": "NixOS-WSL",
        "type": "github"
      }
    },
    "nixpkgs": {
      "locked": {
        "lastModified": 1707650010,
        "narHash": "sha256-dOhphIA4MGrH4ElNCy/OlwmN24MsnEqFjRR6+RY7jZw=",
        "owner": "NixOS",
        "repo": "nixpkgs",
        "rev": "809cca784b9f72a5ad4b991e0e7bcf8890f9c3a6",
        "type": "github"
      },
      "original": {
        "owner": "NixOS",
        "ref": "nixos-23.11",
        "repo": "nixpkgs",
        "type": "github"
      }
    },
    "nixpkgs-unstable": {
      "locked": {
        "lastModified": 1707743206,
        "narHash": "sha256-AehgH64b28yKobC/DAWYZWkJBxL/vP83vkY+ag2Hhy4=",
        "owner": "NixOS",
        "repo": "nixpkgs",
        "rev": "2d627a2a704708673e56346fcb13d25344b8eaf3",
        "type": "github"
      },
      "original": {
        "owner": "NixOS",
        "ref": "nixpkgs-unstable",
        "repo": "nixpkgs",
        "type": "github"
      }
    },
    "pkg-android-tools": {
      "locked": {
        "lastModified": 1676239704,
        "narHash": "sha256-eKJDKTzI/uHNmfOX1Ln7Y1cjyA9XAkf5vyWdz03EXAA=",
        "owner": "NixOS",
        "repo": "nixpkgs",
        "rev": "55070e598e0e03d1d116c49b9eff322ef07c6ac6",
        "type": "github"
      },
      "original": {
        "owner": "NixOS",
        "repo": "nixpkgs",
        "rev": "55070e598e0e03d1d116c49b9eff322ef07c6ac6",
        "type": "github"
      }
    },
    "root": {
      "inputs": {
        "home-manager": "home-manager",
        "hyprwm-contrib": "hyprwm-contrib",
        "nix-index-database": "nix-index-database",
        "nix-wsl": "nix-wsl",
        "nixpkgs": "nixpkgs",
        "nixpkgs-unstable": "nixpkgs-unstable",
        "pkg-android-tools": "pkg-android-tools",
        "systems": "systems_2"
      }
    },
    "systems": {
      "locked": {
        "lastModified": 1681028828,
        "narHash": "sha256-Vy1rq5AaRuLzOxct8nz4T6wlgyUR7zLU309k9mBC768=",
        "owner": "nix-systems",
        "repo": "default",
        "rev": "da67096a3b9bf56a91d16901293e51ba5b49a27e",
        "type": "github"
      },
      "original": {
        "owner": "nix-systems",
        "repo": "default",
        "type": "github"
      }
    },
    "systems_2": {
      "locked": {
        "lastModified": 1681028828,
        "narHash": "sha256-Vy1rq5AaRuLzOxct8nz4T6wlgyUR7zLU309k9mBC768=",
        "owner": "nix-systems",
        "repo": "default",
        "rev": "da67096a3b9bf56a91d16901293e51ba5b49a27e",
        "type": "github"
      },
      "original": {
        "owner": "nix-systems",
        "repo": "default",
        "type": "github"
      }
    }
  },
  "root": "root",
  "version": 7
}
